{
  "version": 2,
  "dependencies": {
    "net8.0": {
      "Kentico.Xperience.Admin": {
        "type": "Direct",
        "requested": "[29.1.4, )",
        "resolved": "29.1.4",
        "contentHash": "mwHNi5V/Hpsd77n8+TfJB+dvkTyVf35vdyh7llCxKlnyGKF98rhwTZTiPPkSKMeIZIJ05Gd0HuTGN9SNZaZ4nw==",
        "dependencies": {
          "Kentico.Aira.Client": "1.0.25",
          "Kentico.Xperience.WebApp": "[29.1.4]",
          "Microsoft.AspNetCore.SpaServices.Extensions": "6.0.29",
          "Microsoft.Extensions.FileProviders.Embedded": "6.0.29"
        }
      },
      "Kentico.Xperience.AzureStorage": {
        "type": "Direct",
        "requested": "[29.1.4, )",
        "resolved": "29.1.4",
        "contentHash": "KTs7LYW2dJjglzBrZw7prQQemWCbkkUjTDUc0UVKa5nYz3+RglVcfMYaJAt5wBPNjVPcOsHU9pBSf38bWfSCaA==",
        "dependencies": {
          "Azure.Storage.Blobs": "12.20.0",
          "Azure.Storage.Queues": "12.18.0",
          "Kentico.Xperience.Core": "29.1.4",
          "Newtonsoft.Json": "13.0.3"
        }
      },
      "Kentico.Xperience.ImageProcessing": {
        "type": "Direct",
        "requested": "[29.1.4, )",
        "resolved": "29.1.4",
        "contentHash": "BZxsRMkhOSYulzQbsUJydp22z4U4XBWwEcfkwpPVqJ2YZAOdVLNfrPcxR0iYSyxI9bBf1UUKXH3bAjzNNJivIQ==",
        "dependencies": {
          "Kentico.Xperience.Core": "29.1.4",
          "SkiaSharp": "2.88.8",
          "SkiaSharp.NativeAssets.Linux.NoDependencies": "2.88.8"
        }
      },
      "Kentico.Xperience.WebApp": {
        "type": "Direct",
        "requested": "[29.1.4, )",
        "resolved": "29.1.4",
        "contentHash": "ZknlsLu5s3H5RfB5GfrRN3hSQ0/HngIqCA7TLUAWnBYyShJTfm+ym1CailvDGf5D+VE3+77hn2NXonPke/Ae6w==",
        "dependencies": {
          "CommandLineParser": "2.9.1",
          "HotChocolate.AspNetCore": "13.9.4",
          "HotChocolate.Data": "13.9.4",
          "HtmlSanitizer": "8.0.865",
          "Kentico.Xperience.Core": "[29.1.4]",
          "Microsoft.Extensions.Caching.Memory": "6.0.1",
          "Microsoft.Extensions.FileProviders.Embedded": "6.0.29",
          "Microsoft.Extensions.Localization": "6.0.29"
        }
      },
      "AngleSharp": {
        "type": "Transitive",
        "resolved": "0.17.1",
        "contentHash": "5MPI4bbixlwxb0W/smOMeIR+QlxMy5/5jD+WnIAw4pBC+7AhLPe5bS3cLgQMJyvd6q0A48sG+uYOt/ep406GLA==",
        "dependencies": {
          "System.Buffers": "4.5.1",
          "System.Text.Encoding.CodePages": "6.0.0"
        }
      },
      "AngleSharp.Css": {
        "type": "Transitive",
        "resolved": "0.17.0",
        "contentHash": "bg0AcugmX6BFEi/DHG61QrwRU8iuiX4H8LZehdIzYdqOM/dgb3BsCTzNIcc1XADn4+xfQEdVwJYTSwUxroL4vg==",
        "dependencies": {
          "AngleSharp": "[0.17.0, 0.18.0)"
        }
      },
      "Azure.Core": {
        "type": "Transitive",
        "resolved": "1.39.0",
        "contentHash": "9vaV4ZICtVQp+2wjOKrIAjEjMzBkUohaBbKGqqcTW993MRfHA0N4L1BszQjWynS7lRvlYQLxaFK4wh9ewNm4HQ==",
        "dependencies": {
          "Microsoft.Bcl.AsyncInterfaces": "1.1.1",
          "System.ClientModel": "1.0.0",
          "System.Diagnostics.DiagnosticSource": "6.0.1",
          "System.Memory.Data": "1.0.2",
          "System.Numerics.Vectors": "4.5.0",
          "System.Text.Encodings.Web": "4.7.2",
          "System.Text.Json": "4.7.2",
          "System.Threading.Tasks.Extensions": "4.5.4"
        }
      },
      "Azure.Identity": {
        "type": "Transitive",
        "resolved": "1.10.3",
        "contentHash": "l1Xm2MWOF2Mzcwuarlw8kWQXLZk3UeB55aQXVyjj23aBfDwOZ3gu5GP2kJ6KlmZeZv2TCzw7x4L3V36iNr3gww==",
        "dependencies": {
          "Azure.Core": "1.35.0",
          "Microsoft.Identity.Client": "4.56.0",
          "Microsoft.Identity.Client.Extensions.Msal": "4.56.0",
          "System.Memory": "4.5.4",
          "System.Security.Cryptography.ProtectedData": "4.7.0",
          "System.Text.Json": "4.7.2",
          "System.Threading.Tasks.Extensions": "4.5.4"
        }
      },
      "Azure.Storage.Blobs": {
        "type": "Transitive",
        "resolved": "12.20.0",
        "contentHash": "96HBFceJCwfv9Kg51F4C+MVIRhbAPtX2KupRaZqpGJW1FSWmo4JjOhi1sl3ZpZfPAiixYgTxhewMxSc/yd47/Q==",
        "dependencies": {
          "Azure.Storage.Common": "12.19.0",
          "System.Text.Json": "4.7.2"
        }
      },
      "Azure.Storage.Common": {
        "type": "Transitive",
        "resolved": "12.19.0",
        "contentHash": "aKW5fK4ZSQb9VjENSDbsQoKCDSG6d6mgsBA+groGoHyG2F38QCXThuwcmC7R1XLQOSIh28viE7CJw1BpNdl11A==",
        "dependencies": {
          "Azure.Core": "1.39.0",
          "System.IO.Hashing": "6.0.0"
        }
      },
      "Azure.Storage.Queues": {
        "type": "Transitive",
        "resolved": "12.18.0",
        "contentHash": "lj1RKVqrTdQtQls9O23kQ/ZWVYDYH8NV9ImiYUdT3JkWhGJJ3LxdT1oogxgScwOOP4Q9P+3IkGnpsDsadzE1/Q==",
        "dependencies": {
          "Azure.Storage.Common": "12.19.0",
          "System.Memory.Data": "1.0.2",
          "System.Text.Json": "4.7.2"
        }
      },
      "BananaCakePop.Middleware": {
        "type": "Transitive",
        "resolved": "16.0.1",
        "contentHash": "i/LDG7Lw2ln1WM7GaMyNDWHExtN15/O/xgcX8lhBK6FZFPBnlq6FJW4GuS3vs0UpLB1TvX2tcOenMlXjcMZq0g==",
        "dependencies": {
          "Yarp.ReverseProxy": "2.1.0"
        }
      },
      "BouncyCastle.Cryptography": {
        "type": "Transitive",
        "resolved": "2.3.0",
        "contentHash": "IaVIiYxZLaBulveGDRUx/pBoW/Rc8QeXGF5u2E8xL8RWhVKCgfmtX9NUyGRbnSqnbFQU2zyP3MkXIdH+jUuQBw=="
      },
      "CommandLineParser": {
        "type": "Transitive",
        "resolved": "2.9.1",
        "contentHash": "OE0sl1/sQ37bjVsPKKtwQlWDgqaxWgtme3xZz7JssWUzg5JpMIyHgCTY9MVMxOg48fJ1AgGT3tgdH5m/kQ5xhA=="
      },
      "GreenDonut": {
        "type": "Transitive",
        "resolved": "13.9.4",
        "contentHash": "jkD4OWSR2CmdfyrO55/m/s2onSaAar/XpCMYQGo1y+qjcaEq93cgc8HL/i8hRdV4mVgfpW60DELREYZrBaiZSw==",
        "dependencies": {
          "Microsoft.Extensions.ObjectPool": "8.0.0",
          "System.Diagnostics.DiagnosticSource": "8.0.0",
          "System.Threading.Tasks.Extensions": "4.5.0"
        }
      },
      "HotChocolate": {
        "type": "Transitive",
        "resolved": "13.9.4",
        "contentHash": "4tXT2Y6U3p1h1egdS3K2qu2re0QmxJH+2thYhKfDDXZaErfod6H1NVHZIBOTw4nFdgzpL8FiFUQuvzekEsNYmA==",
        "dependencies": {
          "HotChocolate.Authorization": "13.9.4",
          "HotChocolate.Execution": "13.9.4",
          "HotChocolate.Fetching": "13.9.4",
          "HotChocolate.Types": "13.9.4",
          "HotChocolate.Types.CursorPagination": "13.9.4",
          "HotChocolate.Types.Mutations": "13.9.4",
          "HotChocolate.Types.OffsetPagination": "13.9.4",
          "HotChocolate.Validation": "13.9.4"
        }
      },
      "HotChocolate.Abstractions": {
        "type": "Transitive",
        "resolved": "13.9.4",
        "contentHash": "82LweGM6vtF4Wc8NmbnNwZE8PeDOWHuY9oIR8zdi/O9XayaAFy2B5bIE5QFszlqTlaiRLW9y8NpCXQkAe0mVHQ==",
        "dependencies": {
          "HotChocolate.Language": "13.9.4",
          "System.Collections.Immutable": "8.0.0"
        }
      },
      "HotChocolate.AspNetCore": {
        "type": "Transitive",
        "resolved": "13.9.4",
        "contentHash": "kW32o45UlqThLmS8rsukZjKUX2g3zNM8LhQmcS2AnFdCcCg4zWFhlR1UW1BEBv6QLsldaxJVEw5kuvwuLXSIGw==",
        "dependencies": {
          "BananaCakePop.Middleware": "16.0.1",
          "HotChocolate": "13.9.4",
          "HotChocolate.Subscriptions.InMemory": "13.9.4",
          "HotChocolate.Transport.Sockets": "13.9.4",
          "HotChocolate.Types.Scalars.Upload": "13.9.4",
          "HotChocolate.Utilities.DependencyInjection": "13.9.4"
        }
      },
      "HotChocolate.Authorization": {
        "type": "Transitive",
        "resolved": "13.9.4",
        "contentHash": "sU8nUTOHYwEAaZCnneMCzJs/rG+OtBme1cy+DaT3qxq9Oe6kD/kF1q1jRJjSa1juG/anOcmlu9haZZT0hotZ+g==",
        "dependencies": {
          "HotChocolate.Execution": "13.9.4"
        }
      },
      "HotChocolate.Data": {
        "type": "Transitive",
        "resolved": "13.9.4",
        "contentHash": "G2Y6FIkkrUEjmL7ECFrgYf+gU/YRj+i27kyl+JPZxweaN01aiDBhFTTjQhqG+Q59gVZ9V/AMeV4zOLNC2aJpAg==",
        "dependencies": {
          "HotChocolate.Execution": "13.9.4",
          "HotChocolate.Types.CursorPagination": "13.9.4"
        }
      },
      "HotChocolate.Execution": {
        "type": "Transitive",
        "resolved": "13.9.4",
        "contentHash": "0CsRwTnG3T6nCpgXK/LI2/yn1vvHPIVDZ/NiRz01JCb4tBzsh6v1yGgT8siRhPaoBHlfryUiTbc/Rv1pp9drvw==",
        "dependencies": {
          "HotChocolate.Abstractions": "13.9.4",
          "HotChocolate.Execution.Abstractions": "13.9.4",
          "HotChocolate.Fetching": "13.9.4",
          "HotChocolate.Types": "13.9.4",
          "HotChocolate.Utilities.DependencyInjection": "13.9.4",
          "HotChocolate.Validation": "13.9.4",
          "Microsoft.Extensions.DependencyInjection": "8.0.0",
          "System.Threading.Channels": "8.0.0"
        }
      },
      "HotChocolate.Execution.Abstractions": {
        "type": "Transitive",
        "resolved": "13.9.4",
        "contentHash": "hEIfNnbcsUtjXQSn37IL6LbN+iKUNcBt+4+hdb5EY2NUEmvZDwawsuNXzX/9UeE138xB/zdTkJu6p10cP6oHGQ==",
        "dependencies": {
          "HotChocolate.Abstractions": "13.9.4",
          "Microsoft.Extensions.DependencyInjection.Abstractions": "8.0.0"
        }
      },
      "HotChocolate.Fetching": {
        "type": "Transitive",
        "resolved": "13.9.4",
        "contentHash": "3eh6WCocFbJ1Dtcg1oHmpNKcytwI/ZANQUv3mpsRtTT13wE7yXbzPXrZlBcWPFYv0NeJQ2v0kk4wAmRdYxyaYg==",
        "dependencies": {
          "GreenDonut": "13.9.4",
          "HotChocolate.Types": "13.9.4"
        }
      },
      "HotChocolate.Language": {
        "type": "Transitive",
        "resolved": "13.9.4",
        "contentHash": "ez1eHzpSz7+Fn+aqG62h6kKaOfktmMwUjaT9M5NWS5LqC81n/8HG4lr8UmbGywbEU9optCWo5GfICNpQItAHaw==",
        "dependencies": {
          "HotChocolate.Language.SyntaxTree": "13.9.4",
          "HotChocolate.Language.Utf8": "13.9.4",
          "HotChocolate.Language.Visitors": "13.9.4",
          "HotChocolate.Language.Web": "13.9.4"
        }
      },
      "HotChocolate.Language.SyntaxTree": {
        "type": "Transitive",
        "resolved": "13.9.4",
        "contentHash": "mPfX23AflbB8nhvC3hAYn93r940UHwRmhZ5jXQ3yTHZOYZhlgJypa+4I5KF/CnTFrB36tWmA3LgXnN3pJ/VMvA==",
        "dependencies": {
          "Microsoft.Extensions.ObjectPool": "8.0.0"
        }
      },
      "HotChocolate.Language.Utf8": {
        "type": "Transitive",
        "resolved": "13.9.4",
        "contentHash": "+4GYr3eFPY3b2OZjByHKyOKlpY+bUGnwk0S39RW3z4KRRgv5NkYjPdI+O2iaVbIWBoJXBnb7QlEQWIj64FbbqA==",
        "dependencies": {
          "HotChocolate.Language.SyntaxTree": "13.9.4"
        }
      },
      "HotChocolate.Language.Visitors": {
        "type": "Transitive",
        "resolved": "13.9.4",
        "contentHash": "yJjnKtNw1gnze50n0vrsod+dS1AK8iGIgEbm9aKvIyLIaSVSQnvx5sXhX21JzKEJV7SegnvVbQdf1zhjOwTlEQ==",
        "dependencies": {
          "HotChocolate.Language.SyntaxTree": "13.9.4"
        }
      },
      "HotChocolate.Language.Web": {
        "type": "Transitive",
        "resolved": "13.9.4",
        "contentHash": "aa4ybXm9DdTpjcLvT6FfTPBYTz5xvYsg96J8OaVS0LSKeACHNrBRoF5qP5/cD01UXwSgdr19HqAki1H5D6gRtw==",
        "dependencies": {
          "HotChocolate.Language.Utf8": "13.9.4"
        }
      },
      "HotChocolate.Subscriptions": {
        "type": "Transitive",
        "resolved": "13.9.4",
        "contentHash": "DRU8lN9sMhqVBAa4p/W47pvclrS+SBSzO9sWYbwDiO6OE/B3SlYSDE+Tqy66YAfcNHqFnx/Cx+rd7Kcc06nllw==",
        "dependencies": {
          "HotChocolate.Abstractions": "13.9.4",
          "HotChocolate.Execution.Abstractions": "13.9.4"
        }
      },
      "HotChocolate.Subscriptions.InMemory": {
        "type": "Transitive",
        "resolved": "13.9.4",
        "contentHash": "EUOHzVtVbMWQOPjCWGGmYXvIUM4K5rAYbGk6yO+76T+nVefZw/NgVb1lOx9Ii3Eo+cVBwEliPaJte7vm+HSRlA==",
        "dependencies": {
          "HotChocolate.Execution.Abstractions": "13.9.4",
          "HotChocolate.Subscriptions": "13.9.4",
          "Microsoft.Extensions.DependencyInjection.Abstractions": "8.0.0"
        }
      },
      "HotChocolate.Transport.Sockets": {
        "type": "Transitive",
        "resolved": "13.9.4",
        "contentHash": "tzLIUlpoadoAwDyPNRjtvtx0soe+fLMO//7IE/d49QFj5J/FM6pTzTuvAo7JafsmC+UU5uRGykTKXup9xdtLeA==",
        "dependencies": {
          "System.IO.Pipelines": "8.0.0"
        }
      },
      "HotChocolate.Types": {
        "type": "Transitive",
        "resolved": "13.9.4",
        "contentHash": "Q7XywadsAIm1hf1v+YBMOe1fbjQYAtL+NNlPk7hgumUYVz5iSY/9WYwomMZl80id0Q1aP63hzOoEDY90Em6TrQ==",
        "dependencies": {
          "HotChocolate.Abstractions": "13.9.4",
          "HotChocolate.Types.Shared": "13.9.4",
          "HotChocolate.Utilities": "13.9.4",
          "Microsoft.Extensions.DependencyInjection.Abstractions": "8.0.0",
          "Microsoft.Extensions.ObjectPool": "8.0.0",
          "System.ComponentModel.Annotations": "5.0.0",
          "System.Text.Json": "8.0.0"
        }
      },
      "HotChocolate.Types.CursorPagination": {
        "type": "Transitive",
        "resolved": "13.9.4",
        "contentHash": "sm7ZghRSWQQrde5aa7VZhi/QhSbuzB7yS4jUd5/CB9AOX3WFKjJ3uitY7crWV9scLxcDgaaiAwglF7wWFvubhw==",
        "dependencies": {
          "HotChocolate.Execution": "13.9.4",
          "HotChocolate.Types": "13.9.4"
        }
      },
      "HotChocolate.Types.Mutations": {
        "type": "Transitive",
        "resolved": "13.9.4",
        "contentHash": "pndQvOY8CnoefzKQNCNaJ++r1gf4JbvKC3c3lf6jimqEE/UJMlE935JXwZCGxnUSJ6Npb14sVoOWGM6Kl5myEA==",
        "dependencies": {
          "HotChocolate.Execution": "13.9.4",
          "HotChocolate.Types": "13.9.4"
        }
      },
      "HotChocolate.Types.OffsetPagination": {
        "type": "Transitive",
        "resolved": "13.9.4",
        "contentHash": "J4o/p/HRFNQCsApy1LFlwITVHtGaUlLLhismyi5QRL7CTwC5Lk1or5KlPYufyYgbs9X3BkASlmpr9vGmg+6Ypg==",
        "dependencies": {
          "HotChocolate.Execution": "13.9.4",
          "HotChocolate.Types": "13.9.4"
        }
      },
      "HotChocolate.Types.Scalars.Upload": {
        "type": "Transitive",
        "resolved": "13.9.4",
        "contentHash": "AAZLF9M6h80uh3BZjhaAbS3kch0+bDmetdki7bdo5HYiYRN2tuTT1+YblhfBzoh7726mROOtYRvk7h4DQBLWHw==",
        "dependencies": {
          "HotChocolate.Types": "13.9.4"
        }
      },
      "HotChocolate.Types.Shared": {
        "type": "Transitive",
        "resolved": "13.9.4",
        "contentHash": "GqaSuucguc1OBH6sg52C1RobCvry8Fzm69r2QSzTHzSJVLBXAC0HNthkVl3GpuWW3c221fM+Yh9UiFfKNaeJ3w==",
        "dependencies": {
          "HotChocolate.Language.SyntaxTree": "13.9.4"
        }
      },
      "HotChocolate.Utilities": {
        "type": "Transitive",
        "resolved": "13.9.4",
        "contentHash": "g0kRiYho/nxA/QRkBY9n9ZjDqPEby3A33coBvFvkkfXXYRLyFr1P6XE3ZRt3ob35AxbvnWmXYxM3aUZR5u1mfg=="
      },
      "HotChocolate.Utilities.DependencyInjection": {
        "type": "Transitive",
        "resolved": "13.9.4",
        "contentHash": "a4SeiruZOBatY4QOksJ8Zlux0vN6s1KW1ydjWPUCcdgANDkDae/+zsbPLNNxiDhkpYovDVQW7gRYkgWoZ8vGKg==",
        "dependencies": {
          "Microsoft.Extensions.DependencyInjection": "8.0.0"
        }
      },
      "HotChocolate.Validation": {
        "type": "Transitive",
        "resolved": "13.9.4",
        "contentHash": "G0xU8wTZegjCBeiFdlHAQ8+27e1LVDwucjwmULZq1NdbH8EQJQnvjYOvM4XYaIhdqNi8Kn9AvUT2FM5LcBFhiQ==",
        "dependencies": {
          "HotChocolate.Types": "13.9.4",
          "Microsoft.Extensions.DependencyInjection.Abstractions": "8.0.0",
          "Microsoft.Extensions.Options": "8.0.0"
        }
      },
      "HtmlSanitizer": {
        "type": "Transitive",
        "resolved": "8.0.865",
        "contentHash": "jzgltCjgTMbTLVfeHYU3ocxJrqRDVdkXYYGTOKVBnpQffaRB/4Hr0R6jKxBBH8UudQSgACp8j3lsD46weyeDJg==",
        "dependencies": {
          "AngleSharp": "[0.17.1]",
          "AngleSharp.Css": "[0.17.0]",
          "System.Collections.Immutable": "8.0.0"
        }
      },
      "Kentico.Aira.Client": {
        "type": "Transitive",
        "resolved": "1.0.25",
        "contentHash": "Hu3xxl89ZWWU6iGkpnTCIXE/L3DNU+i/ZUZaRESYP6BJANlThPRFCIkrDwNx+daAsda5B/n5iApFzk5nH6qPOA==",
        "dependencies": {
          "Microsoft.Extensions.DependencyInjection": "6.0.1",
          "Microsoft.Extensions.Http": "6.0.0",
          "Microsoft.Extensions.Options": "6.0.0",
          "Microsoft.Extensions.Options.ConfigurationExtensions": "6.0.0",
          "System.IdentityModel.Tokens.Jwt": "7.3.1"
        }
      },
      "Kentico.Xperience.Core": {
        "type": "Transitive",
        "resolved": "29.1.4",
        "contentHash": "sIXhC1QwIFprTnGMjRT4MwgPgPXWJWr0Zak3LDJ8n5hz2L5MkxunzyCRzLyRa9i5RWrrtlxwrtSibPDmb6MXYg==",
        "dependencies": {
          "AngleSharp": "0.17.1",
          "MailKit": "4.5.0",
          "Microsoft.Data.SqlClient": "5.2.0",
          "Microsoft.Extensions.Caching.Memory": "6.0.1",
          "Microsoft.Extensions.Configuration": "6.0.1",
          "Microsoft.Extensions.Configuration.Binder": "6.0.0",
          "Microsoft.Extensions.DependencyInjection": "6.0.1",
          "Microsoft.Extensions.FileProviders.Physical": "6.0.0",
          "Microsoft.Extensions.Hosting.Abstractions": "6.0.0",
          "Microsoft.Extensions.Localization": "6.0.29",
          "Microsoft.Extensions.Options.ConfigurationExtensions": "6.0.0",
          "Mono.Cecil": "0.11.5",
          "Newtonsoft.Json": "13.0.3",
          "System.CodeDom": "8.0.0"
        }
      },
      "MailKit": {
        "type": "Transitive",
        "resolved": "4.5.0",
        "contentHash": "EaXHODUdIV5oPdWvBJGazwaEpKt1LI/H/S//EEozANYCsfOSKHntX+Skk2kW616lSQp+fkRTmSjk0CYxEuOyEA==",
        "dependencies": {
          "MimeKit": "4.5.0"
        }
      },
      "Microsoft.AspNetCore.SpaServices.Extensions": {
        "type": "Transitive",
        "resolved": "6.0.29",
        "contentHash": "2LeomoSAHbVBEffWwZS4cFLAQsPw2UK4gfNcajssV/cMM5/i61d8LwAdTcGHVmgF5e0zOz/25B06fk3iymD4VA==",
        "dependencies": {
          "Microsoft.Extensions.FileProviders.Physical": "6.0.0"
        }
      },
      "Microsoft.Bcl.AsyncInterfaces": {
        "type": "Transitive",
        "resolved": "1.1.1",
        "contentHash": "yuvf07qFWFqtK3P/MRkEKLhn5r2UbSpVueRziSqj0yJQIKFwG1pq9mOayK3zE5qZCTs0CbrwL9M6R8VwqyGy2w=="
      },
      "Microsoft.Data.SqlClient": {
        "type": "Transitive",
        "resolved": "5.2.0",
        "contentHash": "3alfyqRN3ELRtdvU1dGtLBRNQqprr3TJ0WrUJfMISPwg1nPUN2P3Lelah68IKWuV27Ceb7ig95hWNHFTSXfxMg==",
        "dependencies": {
          "Azure.Identity": "1.10.3",
          "Microsoft.Data.SqlClient.SNI.runtime": "5.2.0",
          "Microsoft.Identity.Client": "4.56.0",
          "Microsoft.IdentityModel.JsonWebTokens": "6.35.0",
          "Microsoft.IdentityModel.Protocols.OpenIdConnect": "6.35.0",
          "Microsoft.SqlServer.Server": "1.0.0",
          "System.Configuration.ConfigurationManager": "8.0.0",
          "System.Runtime.Caching": "8.0.0"
        }
      },
      "Microsoft.Data.SqlClient.SNI.runtime": {
        "type": "Transitive",
        "resolved": "5.2.0",
        "contentHash": "po1jhvFd+8pbfvJR/puh+fkHi0GRanAdvayh/0e47yaM6CXWZ6opUjCMFuYlAnD2LcbyvQE7fPJKvogmaUcN+w=="
      },
      "Microsoft.Extensions.Caching.Abstractions": {
        "type": "Transitive",
        "resolved": "6.0.0",
        "contentHash": "bcz5sSFJbganH0+YrfvIjJDIcKNW7TL07C4d1eTmXy/wOt52iz4LVogJb6pazs7W0+74j0YpXFErvp++Aq5Bsw==",
        "dependencies": {
          "Microsoft.Extensions.Primitives": "6.0.0"
        }
      },
      "Microsoft.Extensions.Caching.Memory": {
        "type": "Transitive",
        "resolved": "6.0.1",
        "contentHash": "B4y+Cev05eMcjf1na0v9gza6GUtahXbtY1JCypIgx3B4Ea/KAgsWyXEmW4q6zMbmTMtKzmPVk09rvFJirvMwTg==",
        "dependencies": {
          "Microsoft.Extensions.Caching.Abstractions": "6.0.0",
          "Microsoft.Extensions.DependencyInjection.Abstractions": "6.0.0",
          "Microsoft.Extensions.Logging.Abstractions": "6.0.0",
          "Microsoft.Extensions.Options": "6.0.0",
          "Microsoft.Extensions.Primitives": "6.0.0"
        }
      },
      "Microsoft.Extensions.Configuration": {
        "type": "Transitive",
        "resolved": "6.0.1",
        "contentHash": "BUyFU9t+HzlSE7ri4B+AQN2BgTgHv/uM82s5ZkgU1BApyzWzIl48nDsG5wR1t0pniNuuyTBzG3qCW8152/NtSw==",
        "dependencies": {
          "Microsoft.Extensions.Configuration.Abstractions": "6.0.0",
          "Microsoft.Extensions.Primitives": "6.0.0"
        }
      },
      "Microsoft.Extensions.Configuration.Abstractions": {
        "type": "Transitive",
        "resolved": "6.0.0",
        "contentHash": "qWzV9o+ZRWq+pGm+1dF+R7qTgTYoXvbyowRoBxQJGfqTpqDun2eteerjRQhq5PQ/14S+lqto3Ft4gYaRyl4rdQ==",
        "dependencies": {
          "Microsoft.Extensions.Primitives": "6.0.0"
        }
      },
      "Microsoft.Extensions.Configuration.Binder": {
        "type": "Transitive",
        "resolved": "6.0.0",
        "contentHash": "b3ErKzND8LIC7o08QAVlKfaEIYEvLJbtmVbFZVBRXeu9YkKfSSzLZfR1SUfQPBIy9mKLhEtJgGYImkcMNaKE0A==",
        "dependencies": {
          "Microsoft.Extensions.Configuration.Abstractions": "6.0.0"
        }
      },
      "Microsoft.Extensions.DependencyInjection": {
        "type": "Transitive",
        "resolved": "8.0.0",
        "contentHash": "V8S3bsm50ig6JSyrbcJJ8bW2b9QLGouz+G1miK3UTaOWmMtFwNNNzUf4AleyDWUmTrWMLNnFSLEQtxmxgNQnNQ==",
        "dependencies": {
          "Microsoft.Extensions.DependencyInjection.Abstractions": "8.0.0"
        }
      },
      "Microsoft.Extensions.DependencyInjection.Abstractions": {
        "type": "Transitive",
        "resolved": "8.0.0",
        "contentHash": "cjWrLkJXK0rs4zofsK4bSdg+jhDLTaxrkXu4gS6Y7MAlCvRyNNgwY/lJi5RDlQOnSZweHqoyvgvbdvQsRIW+hg=="
      },
      "Microsoft.Extensions.FileProviders.Abstractions": {
        "type": "Transitive",
        "resolved": "6.0.0",
        "contentHash": "0pd4/fho0gC12rQswaGQxbU34jOS1TPS8lZPpkFCH68ppQjHNHYle9iRuHeev1LhrJ94YPvzcRd8UmIuFk23Qw==",
        "dependencies": {
          "Microsoft.Extensions.Primitives": "6.0.0"
        }
      },
      "Microsoft.Extensions.FileProviders.Embedded": {
        "type": "Transitive",
        "resolved": "6.0.29",
        "contentHash": "ih7lIqCUXsG4+CNNcPs67TBOe3Yd/HMdBBVP3BhvdZkJEUilhvUK69FB7ZPsiZKel08GkOh2qFXqZsWWPa/lPQ==",
        "dependencies": {
          "Microsoft.Extensions.FileProviders.Abstractions": "6.0.0"
        }
      },
      "Microsoft.Extensions.FileProviders.Physical": {
        "type": "Transitive",
        "resolved": "6.0.0",
        "contentHash": "QvkL7l0nM8udt3gfyu0Vw8bbCXblxaKOl7c2oBfgGy4LCURRaL9XWZX1FWJrQc43oMokVneVxH38iz+bY1sbhg==",
        "dependencies": {
          "Microsoft.Extensions.FileProviders.Abstractions": "6.0.0",
          "Microsoft.Extensions.FileSystemGlobbing": "6.0.0",
          "Microsoft.Extensions.Primitives": "6.0.0"
        }
      },
      "Microsoft.Extensions.FileSystemGlobbing": {
        "type": "Transitive",
        "resolved": "6.0.0",
        "contentHash": "ip8jnL1aPiaPeKINCqaTEbvBFDmVx9dXQEBZ2HOBRXPD1eabGNqP/bKlsIcp7U2lGxiXd5xIhoFcmY8nM4Hdiw=="
      },
      "Microsoft.Extensions.Hosting.Abstractions": {
        "type": "Transitive",
        "resolved": "6.0.0",
        "contentHash": "GcT5l2CYXL6Sa27KCSh0TixsRfADUgth+ojQSD5EkzisZxmGFh7CwzkcYuGwvmXLjr27uWRNrJ2vuuEjMhU05Q==",
        "dependencies": {
          "Microsoft.Extensions.Configuration.Abstractions": "6.0.0",
          "Microsoft.Extensions.DependencyInjection.Abstractions": "6.0.0",
          "Microsoft.Extensions.FileProviders.Abstractions": "6.0.0"
        }
      },
      "Microsoft.Extensions.Http": {
        "type": "Transitive",
        "resolved": "6.0.0",
        "contentHash": "15+pa2G0bAMHbHewaQIdr/y6ag2H3yh4rd9hTXavtWDzQBkvpe2RMqFg8BxDpcQWssmjmBApGPcw93QRz6YcMg==",
        "dependencies": {
          "Microsoft.Extensions.DependencyInjection.Abstractions": "6.0.0",
          "Microsoft.Extensions.Logging": "6.0.0",
          "Microsoft.Extensions.Logging.Abstractions": "6.0.0",
          "Microsoft.Extensions.Options": "6.0.0"
        }
      },
      "Microsoft.Extensions.Localization": {
        "type": "Transitive",
        "resolved": "6.0.29",
        "contentHash": "cZ5Tx6NtTZFzk+PWW2icApat7agQiMIFIsohsmHmz/scKRfAI/5XTa9lpZMwKowQBZm+ap0RwAJmQ2/5xoL+VQ==",
        "dependencies": {
          "Microsoft.Extensions.DependencyInjection.Abstractions": "6.0.0",
          "Microsoft.Extensions.Localization.Abstractions": "6.0.29",
          "Microsoft.Extensions.Logging.Abstractions": "6.0.4",
          "Microsoft.Extensions.Options": "6.0.0"
        }
      },
      "Microsoft.Extensions.Localization.Abstractions": {
        "type": "Transitive",
        "resolved": "6.0.29",
        "contentHash": "4HVhh+V/7H2VMgFI8EP1kLgLpeRqm1kQOlXjHk4MHCVD5/pgWOTTbLEz9pdXymQQf/eRg1vNK8tG2MZstBHhlw=="
      },
      "Microsoft.Extensions.Logging": {
        "type": "Transitive",
        "resolved": "6.0.0",
        "contentHash": "eIbyj40QDg1NDz0HBW0S5f3wrLVnKWnDJ/JtZ+yJDFnDj90VoPuoPmFkeaXrtu+0cKm5GRAwoDf+dBWXK0TUdg==",
        "dependencies": {
          "Microsoft.Extensions.DependencyInjection": "6.0.0",
          "Microsoft.Extensions.DependencyInjection.Abstractions": "6.0.0",
          "Microsoft.Extensions.Logging.Abstractions": "6.0.0",
          "Microsoft.Extensions.Options": "6.0.0",
          "System.Diagnostics.DiagnosticSource": "6.0.0"
        }
      },
      "Microsoft.Extensions.Logging.Abstractions": {
        "type": "Transitive",
        "resolved": "6.0.4",
        "contentHash": "K14wYgwOfKVELrUh5eBqlC8Wvo9vvhS3ZhIvcswV2uS/ubkTRPSQsN557EZiYUSSoZNxizG+alN4wjtdyLdcyw=="
      },
      "Microsoft.Extensions.ObjectPool": {
        "type": "Transitive",
        "resolved": "8.0.0",
        "contentHash": "4pm+XgxSukskwjzDDfSjG4KNUIOdFF2VaqZZDtTzoyQMOVSnlV6ZM8a9aVu5dg9LVZTB//utzSc8fOi0b0Mb2Q=="
      },
      "Microsoft.Extensions.Options": {
        "type": "Transitive",
        "resolved": "8.0.0",
        "contentHash": "JOVOfqpnqlVLUzINQ2fox8evY2SKLYJ3BV8QDe/Jyp21u1T7r45x/R/5QdteURMR5r01GxeJSBBUOCOyaNXA3g==",
        "dependencies": {
          "Microsoft.Extensions.DependencyInjection.Abstractions": "8.0.0",
          "Microsoft.Extensions.Primitives": "8.0.0"
        }
      },
      "Microsoft.Extensions.Options.ConfigurationExtensions": {
        "type": "Transitive",
        "resolved": "6.0.0",
        "contentHash": "bXWINbTn0vC0FYc9GaQTISbxhQLAMrvtbuvD9N6JelEaIS/Pr62wUCinrq5bf1WRBGczt1v4wDhxFtVFNcMdUQ==",
        "dependencies": {
          "Microsoft.Extensions.Configuration.Abstractions": "6.0.0",
          "Microsoft.Extensions.Configuration.Binder": "6.0.0",
          "Microsoft.Extensions.DependencyInjection.Abstractions": "6.0.0",
          "Microsoft.Extensions.Options": "6.0.0",
          "Microsoft.Extensions.Primitives": "6.0.0"
        }
      },
      "Microsoft.Extensions.Primitives": {
        "type": "Transitive",
        "resolved": "8.0.0",
        "contentHash": "bXJEZrW9ny8vjMF1JV253WeLhpEVzFo1lyaZu1vQ4ZxWUlVvknZ/+ftFgVheLubb4eZPSwwxBeqS1JkCOjxd8g=="
      },
      "Microsoft.Identity.Client": {
        "type": "Transitive",
        "resolved": "4.56.0",
        "contentHash": "rr4zbidvHy9r4NvOAs5hdd964Ao2A0pAeFBJKR95u1CJAVzbd1p6tPTXUZ+5ld0cfThiVSGvz6UHwY6JjraTpA==",
        "dependencies": {
          "Microsoft.IdentityModel.Abstractions": "6.22.0"
        }
      },
      "Microsoft.Identity.Client.Extensions.Msal": {
        "type": "Transitive",
        "resolved": "4.56.0",
        "contentHash": "H12YAzEGK55vZ+QpxUzozhW8ZZtgPDuWvgA0JbdIR9UhMUplj29JhIgE2imuH8W2Nw9D8JKygR1uxRFtpSNcrg==",
        "dependencies": {
          "Microsoft.Identity.Client": "4.56.0",
          "System.IO.FileSystem.AccessControl": "5.0.0",
          "System.Security.Cryptography.ProtectedData": "4.5.0"
        }
      },
      "Microsoft.IdentityModel.Abstractions": {
        "type": "Transitive",
        "resolved": "7.3.1",
        "contentHash": "gIw8Sr5ZpuzKFBTfJonh2F54DivTzm5IIK15QB4Y6uE30uQdEO1NnCojTC/b6sWZoZzD0sdBa6SqwMXhucD+nA=="
      },
      "Microsoft.IdentityModel.JsonWebTokens": {
        "type": "Transitive",
        "resolved": "7.3.1",
        "contentHash": "mXA6AoaD5uZqtsKghgRiupBhyXNii8p9F2BjNLnDGud0tZLS5+4Fio2YAGjFXhnkc80CqgQ61X5U1gUNnDEoKQ==",
        "dependencies": {
          "Microsoft.IdentityModel.Tokens": "7.3.1"
        }
      },
      "Microsoft.IdentityModel.Logging": {
        "type": "Transitive",
        "resolved": "7.3.1",
        "contentHash": "uPt2aiRUCbcOc0Wk+dDCSClFfPNs3S3Z7fmy50MoxJ1mGmtVUDMpyRJeYzZ/16x4rL19T+g2zrzjcWoitp5+gQ==",
        "dependencies": {
          "Microsoft.IdentityModel.Abstractions": "7.3.1"
        }
      },
      "Microsoft.IdentityModel.Protocols": {
        "type": "Transitive",
        "resolved": "6.35.0",
        "contentHash": "BPQhlDzdFvv1PzaUxNSk+VEPwezlDEVADIKmyxubw7IiELK18uJ06RQ9QKKkds30XI+gDu9n8j24XQ8w7fjWcg==",
        "dependencies": {
          "Microsoft.IdentityModel.Logging": "6.35.0",
          "Microsoft.IdentityModel.Tokens": "6.35.0"
        }
      },
      "Microsoft.IdentityModel.Protocols.OpenIdConnect": {
        "type": "Transitive",
        "resolved": "6.35.0",
        "contentHash": "LMtVqnECCCdSmyFoCOxIE5tXQqkOLrvGrL7OxHg41DIm1bpWtaCdGyVcTAfOQpJXvzND9zUKIN/lhngPkYR8vg==",
        "dependencies": {
          "Microsoft.IdentityModel.Protocols": "6.35.0",
          "System.IdentityModel.Tokens.Jwt": "6.35.0"
        }
      },
      "Microsoft.IdentityModel.Tokens": {
        "type": "Transitive",
        "resolved": "7.3.1",
        "contentHash": "/c/p8/3CAH706c0ii5uTgSb/8M/jwyuurtdMeKTBeKFU9aA+EZrLu1M8aaS3CSlGaxoxsoaxr4/+KXykgQ4VgQ==",
        "dependencies": {
          "Microsoft.IdentityModel.Logging": "7.3.1"
        }
      },
      "Microsoft.NETCore.Platforms": {
        "type": "Transitive",
        "resolved": "5.0.0",
        "contentHash": "VyPlqzH2wavqquTcYpkIIAQ6WdenuKoFN0BdYBbCWsclXacSOHNQn66Gt4z5NBqEYW0FAPm5rlvki9ZiCij5xQ=="
      },
      "Microsoft.SqlServer.Server": {
        "type": "Transitive",
        "resolved": "1.0.0",
        "contentHash": "N4KeF3cpcm1PUHym1RmakkzfkEv3GRMyofVv40uXsQhCQeglr2OHNcUk2WOG51AKpGO8ynGpo9M/kFXSzghwug=="
      },
      "MimeKit": {
        "type": "Transitive",
        "resolved": "4.5.0",
        "contentHash": "OYn8b8b66J4mgtDzoImepiUtdkJOAVGoTj/ghzJ+az4wVixA5L5Z8GmgFhRvQ1btAIwZh/d9zvZLCALndQdz5w==",
        "dependencies": {
          "BouncyCastle.Cryptography": "2.3.0",
          "System.Security.Cryptography.Pkcs": "8.0.0"
        }
      },
      "Mono.Cecil": {
        "type": "Transitive",
        "resolved": "0.11.5",
        "contentHash": "fxfX+0JGTZ8YQeu1MYjbBiK2CYTSzDyEeIixt+yqKKTn7FW8rv7JMY70qevup4ZJfD7Kk/VG/jDzQQTpfch87g=="
      },
      "Newtonsoft.Json": {
        "type": "Transitive",
        "resolved": "13.0.3",
        "contentHash": "HrC5BXdl00IP9zeV+0Z848QWPAoCr9P3bDEZguI+gkLcBKAOxix/tLEAAHC+UvDNPv4a2d18lOReHMOagPa+zQ=="
      },
      "SkiaSharp": {
        "type": "Transitive",
        "resolved": "2.88.8",
        "contentHash": "bRkp3uKp5ZI8gXYQT57uKwil1uobb2p8c69n7v5evlB/2JNcMAXVcw9DZAP5Ig3WSvgzGm2YSn27UVeOi05NlA==",
        "dependencies": {
          "SkiaSharp.NativeAssets.Win32": "2.88.8",
          "SkiaSharp.NativeAssets.macOS": "2.88.8"
        }
      },
      "SkiaSharp.NativeAssets.Linux.NoDependencies": {
        "type": "Transitive",
        "resolved": "2.88.8",
        "contentHash": "/DoKtdyvRgCC5GR/SH+ps3ZiOjmf0BYpAyrhWQELFOO1hdcqddrDVJjDNCOJ41vV+NlS5b3kcDoZZ7jLhFjyXg==",
        "dependencies": {
          "SkiaSharp": "2.88.8"
        }
      },
      "SkiaSharp.NativeAssets.macOS": {
        "type": "Transitive",
        "resolved": "2.88.8",
        "contentHash": "6Kn5TSkKlfyS6azWHF3Jk2sW5C4jCE5uSshM/5AbfFrR+5n6qM5XEnz9h4VaVl7LTxBvHvMkuPb/3bpbq0vxTw=="
      },
      "SkiaSharp.NativeAssets.Win32": {
        "type": "Transitive",
        "resolved": "2.88.8",
        "contentHash": "O9QXoWEXA+6cweR4h3BOnwMz+pO9vL9mXdjLrpDd0w1QzCgWmLQBxa1VgySDITiH7nQndrDG1h6937zm9pLj1Q=="
      },
      "System.Buffers": {
        "type": "Transitive",
        "resolved": "4.5.1",
        "contentHash": "Rw7ijyl1qqRS0YQD/WycNst8hUUMgrMH4FCn1nNm27M4VxchZ1js3fVjQaANHO5f3sN4isvP4a+Met9Y4YomAg=="
      },
      "System.ClientModel": {
        "type": "Transitive",
        "resolved": "1.0.0",
        "contentHash": "I3CVkvxeqFYjIVEP59DnjbeoGNfo/+SZrCLpRz2v/g0gpCHaEMPtWSY0s9k/7jR1rAsLNg2z2u1JRB76tPjnIw==",
        "dependencies": {
          "System.Memory.Data": "1.0.2",
          "System.Text.Json": "4.7.2"
        }
      },
      "System.CodeDom": {
        "type": "Transitive",
        "resolved": "8.0.0",
        "contentHash": "WTlRjL6KWIMr/pAaq3rYqh0TJlzpouaQ/W1eelssHgtlwHAH25jXTkUphTYx9HaIIf7XA6qs/0+YhtLEQRkJ+Q=="
      },
      "System.Collections.Immutable": {
        "type": "Transitive",
        "resolved": "8.0.0",
        "contentHash": "AurL6Y5BA1WotzlEvVaIDpqzpIPvYnnldxru8oXJU2yFxFUy3+pNXjXd1ymO+RA0rq0+590Q8gaz2l3Sr7fmqg=="
      },
      "System.ComponentModel.Annotations": {
        "type": "Transitive",
        "resolved": "5.0.0",
        "contentHash": "dMkqfy2el8A8/I76n2Hi1oBFEbG1SfxD2l5nhwXV3XjlnOmwxJlQbYpJH4W51odnU9sARCSAgv7S3CyAFMkpYg=="
      },
      "System.Configuration.ConfigurationManager": {
        "type": "Transitive",
        "resolved": "8.0.0",
        "contentHash": "JlYi9XVvIREURRUlGMr1F6vOFLk7YSY4p1vHo4kX3tQ0AGrjqlRWHDi66ImHhy6qwXBG3BJ6Y1QlYQ+Qz6Xgww==",
        "dependencies": {
          "System.Diagnostics.EventLog": "8.0.0",
          "System.Security.Cryptography.ProtectedData": "8.0.0"
        }
      },
      "System.Diagnostics.DiagnosticSource": {
        "type": "Transitive",
        "resolved": "8.0.0",
        "contentHash": "c9xLpVz6PL9lp/djOWtk5KPDZq3cSYpmXoJQY524EOtuFl5z9ZtsotpsyrDW40U1DRnQSYvcPKEUV0X//u6gkQ=="
      },
      "System.Diagnostics.EventLog": {
        "type": "Transitive",
        "resolved": "8.0.0",
        "contentHash": "fdYxcRjQqTTacKId/2IECojlDSFvp7LP5N78+0z/xH7v/Tuw5ZAxu23Y6PTCRinqyu2ePx+Gn1098NC6jM6d+A=="
      },
      "System.Formats.Asn1": {
        "type": "Transitive",
        "resolved": "8.0.0",
        "contentHash": "AJukBuLoe3QeAF+mfaRKQb2dgyrvt340iMBHYv+VdBzCUM06IxGlvl0o/uPOS7lHnXPN6u8fFRHSHudx5aTi8w=="
      },
      "System.IdentityModel.Tokens.Jwt": {
        "type": "Transitive",
        "resolved": "7.3.1",
        "contentHash": "iE8biOWyAC1NnYcZGcgXErNACvIQ6Gcmg5s28gsjVbyyYdF9NdKsYzAPAsO3KGK86EQjpToI1AO82XbG8chkzA==",
        "dependencies": {
          "Microsoft.IdentityModel.JsonWebTokens": "7.3.1",
          "Microsoft.IdentityModel.Tokens": "7.3.1"
        }
      },
      "System.IO.FileSystem.AccessControl": {
        "type": "Transitive",
        "resolved": "5.0.0",
        "contentHash": "SxHB3nuNrpptVk+vZ/F+7OHEpoHUIKKMl02bUmYHQr1r+glbZQxs7pRtsf4ENO29TVm2TH3AEeep2fJcy92oYw==",
        "dependencies": {
          "System.Security.AccessControl": "5.0.0",
          "System.Security.Principal.Windows": "5.0.0"
        }
      },
      "System.IO.Hashing": {
        "type": "Transitive",
        "resolved": "7.0.0",
        "contentHash": "sDnWM0N3AMCa86LrKTWeF3BZLD2sgWyYUc7HL6z4+xyDZNQRwzmxbo4qP2rX2MqC+Sy1/gOSRDah5ltxY5jPxw=="
      },
      "System.IO.Pipelines": {
        "type": "Transitive",
        "resolved": "8.0.0",
        "contentHash": "FHNOatmUq0sqJOkTx+UF/9YK1f180cnW5FVqnQMvYUN0elp6wFzbtPSiqbo1/ru8ICp43JM1i7kKkk6GsNGHlA=="
      },
      "System.Memory": {
        "type": "Transitive",
        "resolved": "4.5.4",
        "contentHash": "1MbJTHS1lZ4bS4FmsJjnuGJOu88ZzTT2rLvrhW7Ygic+pC0NWA+3hgAen0HRdsocuQXCkUTdFn9yHJJhsijDXw=="
      },
      "System.Memory.Data": {
        "type": "Transitive",
        "resolved": "1.0.2",
        "contentHash": "JGkzeqgBsiZwKJZ1IxPNsDFZDhUvuEdX8L8BDC8N3KOj+6zMcNU28CNN59TpZE/VJYy9cP+5M+sbxtWJx3/xtw==",
        "dependencies": {
          "System.Text.Encodings.Web": "4.7.2",
          "System.Text.Json": "4.6.0"
        }
      },
      "System.Numerics.Vectors": {
        "type": "Transitive",
        "resolved": "4.5.0",
        "contentHash": "QQTlPTl06J/iiDbJCiepZ4H//BVraReU4O4EoRw1U02H5TLUIT7xn3GnDp9AXPSlJUDyFs4uWjWafNX6WrAojQ=="
      },
      "System.Runtime.Caching": {
        "type": "Transitive",
        "resolved": "8.0.0",
        "contentHash": "4TmlmvGp4kzZomm7J2HJn6IIx0UUrQyhBDyb5O1XiunZlQImXW+B8b7W/sTPcXhSf9rp5NR5aDtQllwbB5elOQ==",
        "dependencies": {
          "System.Configuration.ConfigurationManager": "8.0.0"
        }
      },
      "System.Runtime.CompilerServices.Unsafe": {
        "type": "Transitive",
        "resolved": "6.0.0",
        "contentHash": "/iUeP3tq1S0XdNNoMz5C9twLSrM/TH+qElHkXWaPvuNOt+99G75NrV0OS2EqHx5wMN7popYjpc8oTjC1y16DLg=="
      },
      "System.Security.AccessControl": {
        "type": "Transitive",
        "resolved": "5.0.0",
        "contentHash": "dagJ1mHZO3Ani8GH0PHpPEe/oYO+rVdbQjvjJkBRNQkX4t0r1iaeGn8+/ybkSLEan3/slM0t59SVdHzuHf2jmw==",
        "dependencies": {
          "Microsoft.NETCore.Platforms": "5.0.0",
          "System.Security.Principal.Windows": "5.0.0"
        }
      },
      "System.Security.Cryptography.Pkcs": {
        "type": "Transitive",
        "resolved": "8.0.0",
        "contentHash": "ULmp3xoOwNYjOYp4JZ2NK/6NdTgiN1GQXzVVN1njQ7LOZ0d0B9vyMnhyqbIi9Qw4JXj1JgCsitkTShboHRx7Eg==",
        "dependencies": {
          "System.Formats.Asn1": "8.0.0"
        }
      },
      "System.Security.Cryptography.ProtectedData": {
        "type": "Transitive",
        "resolved": "8.0.0",
        "contentHash": "+TUFINV2q2ifyXauQXRwy4CiBhqvDEDZeVJU7qfxya4aRYOKzVBpN+4acx25VcPB9ywUN6C0n8drWl110PhZEg=="
      },
      "System.Security.Principal.Windows": {
        "type": "Transitive",
        "resolved": "5.0.0",
        "contentHash": "t0MGLukB5WAVU9bO3MGzvlGnyJPgUlcwerXn1kzBRjwLKixT96XV0Uza41W49gVd8zEMFu9vQEFlv0IOrytICA=="
      },
      "System.Text.Encoding.CodePages": {
        "type": "Transitive",
        "resolved": "6.0.0",
        "contentHash": "ZFCILZuOvtKPauZ/j/swhvw68ZRi9ATCfvGbk1QfydmcXBkIWecWKn/250UH7rahZ5OoDBaiAudJtPvLwzw85A==",
        "dependencies": {
          "System.Runtime.CompilerServices.Unsafe": "6.0.0"
        }
      },
      "System.Text.Encodings.Web": {
        "type": "Transitive",
        "resolved": "8.0.0",
        "contentHash": "yev/k9GHAEGx2Rg3/tU6MQh4HGBXJs70y7j1LaM1i/ER9po+6nnQ6RRqTJn1E7Xu0fbIFK80Nh5EoODxrbxwBQ=="
      },
      "System.Text.Json": {
        "type": "Transitive",
        "resolved": "8.0.0",
        "contentHash": "OdrZO2WjkiEG6ajEFRABTRCi/wuXQPxeV6g8xvUJqdxMvvuCCEk86zPla8UiIQJz3durtUEbNyY/3lIhS0yZvQ==",
        "dependencies": {
          "System.Text.Encodings.Web": "8.0.0"
        }
      },
      "System.Threading.Channels": {
        "type": "Transitive",
        "resolved": "8.0.0",
        "contentHash": "CMaFr7v+57RW7uZfZkPExsPB6ljwzhjACWW1gfU35Y56rk72B/Wu+sTqxVmGSk4SFUlPc3cjeKND0zktziyjBA=="
      },
      "System.Threading.Tasks.Extensions": {
        "type": "Transitive",
        "resolved": "4.5.4",
        "contentHash": "zteT+G8xuGu6mS+mzDzYXbzS7rd3K6Fjb9RiZlYlJPam2/hU7JCBZBVEcywNuR+oZ1ncTvc/cq0faRr3P01OVg=="
      },
      "Yarp.ReverseProxy": {
        "type": "Transitive",
        "resolved": "2.1.0",
        "contentHash": "VgRuCBxmh5ND4VuFhvIN3AAeoxFhYkS2hNINk6AVCrOVTlpk7OwdrTXi8NHACfqfhDL+/oYCZrF9RxN+yiYnEg==",
        "dependencies": {
          "System.IO.Hashing": "7.0.0"
        }
      },
      "xperiencecommunity.csp": {
        "type": "Project",
        "dependencies": {
          "Kentico.Xperience.Admin": "[29.1.4, )"
        }
      }
    }
  }
}